Microsoft Visual Studio Solution File, Format Version 12.00
# Visual Studio Version 16
VisualStudioVersion = 16.0.29102.190
MinimumVisualStudioVersion = 10.0.40219.1
Project("{FAE04EC0-301F-11D3-BF4B-00C04F79EFBC}") = "BlocklyMruby", "BlocklyMruby\BlocklyMruby.csproj", "{DA68F4D6-CAD9-413B-A282-D2BA46804EA7}"
	ProjectSection(ProjectDependencies) = postProject
		{2FB89344-8B06-4273-86E5-FE89171D189F} = {2FB89344-8B06-4273-86E5-FE89171D189F}
	EndProjectSection
EndProject
Project("{8BC9CEB8-8B4A-11D0-8D11-00A0C91BC942}") = "libmruby", "libmruby\libmruby.vcxproj", "{D4378089-A3B4-4F64-980B-BF69015E30B8}"
EndProject
Project("{8BC9CEB8-8B4A-11D0-8D11-00A0C91BC942}") = "mruby", "mruby\mruby.vcxproj", "{2FB89344-8B06-4273-86E5-FE89171D189F}"
EndProject
Project("{FAE04EC0-301F-11D3-BF4B-00C04F79EFBC}") = "WebConsole", "WebConsole\WebConsole.csproj", "{FD59AE4F-2473-454F-80B5-DE23D2E1F34C}"
EndProject
Project("{8BC9CEB8-8B4A-11D0-8D11-00A0C91BC942}") = "BlocklyMrubyRes", "BlocklyMrubyRes\BlocklyMrubyRes.vcxproj", "{B71E967B-E4A8-457A-BD38-6CC771F3D9B9}"
EndProject
Global
	GlobalSection(SolutionConfigurationPlatforms) = preSolution
		Debug|Any CPU = Debug|Any CPU
		Debug|x64 = Debug|x64
		Debug|x86 = Debug|x86
		DebugPreset|Any CPU = DebugPreset|Any CPU
		DebugPreset|x64 = DebugPreset|x64
		DebugPreset|x86 = DebugPreset|x86
		Release|Any CPU = Release|Any CPU
		Release|x64 = Release|x64
		Release|x86 = Release|x86
	EndGlobalSection
	GlobalSection(ProjectConfigurationPlatforms) = postSolution
		{DA68F4D6-CAD9-413B-A282-D2BA46804EA7}.Debug|Any CPU.ActiveCfg = Debug|Any CPU
		{DA68F4D6-CAD9-413B-A282-D2BA46804EA7}.Debug|Any CPU.Build.0 = Debug|Any CPU
		{DA68F4D6-CAD9-413B-A282-D2BA46804EA7}.Debug|x64.ActiveCfg = Debug|Any CPU
		{DA68F4D6-CAD9-413B-A282-D2BA46804EA7}.Debug|x64.Build.0 = Debug|Any CPU
		{DA68F4D6-CAD9-413B-A282-D2BA46804EA7}.Debug|x86.ActiveCfg = Debug|Any CPU
		{DA68F4D6-CAD9-413B-A282-D2BA46804EA7}.Debug|x86.Build.0 = Debug|Any CPU
		{DA68F4D6-CAD9-413B-A282-D2BA46804EA7}.DebugPreset|Any CPU.ActiveCfg = DebugPreset|Any CPU
		{DA68F4D6-CAD9-413B-A282-D2BA46804EA7}.DebugPreset|Any CPU.Build.0 = DebugPreset|Any CPU
		{DA68F4D6-CAD9-413B-A282-D2BA46804EA7}.DebugPreset|x64.ActiveCfg = DebugPreset|Any CPU
		{DA68F4D6-CAD9-413B-A282-D2BA46804EA7}.DebugPreset|x64.Build.0 = DebugPreset|Any CPU
		{DA68F4D6-CAD9-413B-A282-D2BA46804EA7}.DebugPreset|x86.ActiveCfg = DebugPreset|Any CPU
		{DA68F4D6-CAD9-413B-A282-D2BA46804EA7}.DebugPreset|x86.Build.0 = DebugPreset|Any CPU
		{DA68F4D6-CAD9-413B-A282-D2BA46804EA7}.Release|Any CPU.ActiveCfg = Release|Any CPU
		{DA68F4D6-CAD9-413B-A282-D2BA46804EA7}.Release|Any CPU.Build.0 = Release|Any CPU
		{DA68F4D6-CAD9-413B-A282-D2BA46804EA7}.Release|x64.ActiveCfg = Release|Any CPU
		{DA68F4D6-CAD9-413B-A282-D2BA46804EA7}.Release|x64.Build.0 = Release|Any CPU
		{DA68F4D6-CAD9-413B-A282-D2BA46804EA7}.Release|x86.ActiveCfg = Release|Any CPU
		{DA68F4D6-CAD9-413B-A282-D2BA46804EA7}.Release|x86.Build.0 = Release|Any CPU
		{D4378089-A3B4-4F64-980B-BF69015E30B8}.Debug|Any CPU.ActiveCfg = Debug|Win32
		{D4378089-A3B4-4F64-980B-BF69015E30B8}.Debug|Any CPU.Build.0 = Debug|Win32
		{D4378089-A3B4-4F64-980B-BF69015E30B8}.Debug|x64.ActiveCfg = Debug|x64
		{D4378089-A3B4-4F64-980B-BF69015E30B8}.Debug|x64.Build.0 = Debug|x64
		{D4378089-A3B4-4F64-980B-BF69015E30B8}.Debug|x86.ActiveCfg = Debug|Win32
		{D4378089-A3B4-4F64-980B-BF69015E30B8}.Debug|x86.Build.0 = Debug|Win32
		{D4378089-A3B4-4F64-980B-BF69015E30B8}.DebugPreset|Any CPU.ActiveCfg = DebugPreset|Win32
		{D4378089-A3B4-4F64-980B-BF69015E30B8}.DebugPreset|Any CPU.Build.0 = DebugPreset|Win32
		{D4378089-A3B4-4F64-980B-BF69015E30B8}.DebugPreset|x64.ActiveCfg = DebugPreset|x64
		{D4378089-A3B4-4F64-980B-BF69015E30B8}.DebugPreset|x64.Build.0 = DebugPreset|x64
		{D4378089-A3B4-4F64-980B-BF69015E30B8}.DebugPreset|x86.ActiveCfg = DebugPreset|Win32
		{D4378089-A3B4-4F64-980B-BF69015E30B8}.DebugPreset|x86.Build.0 = DebugPreset|Win32
		{D4378089-A3B4-4F64-980B-BF69015E30B8}.Release|Any CPU.ActiveCfg = Release|Win32
		{D4378089-A3B4-4F64-980B-BF69015E30B8}.Release|Any CPU.Build.0 = Release|Win32
		{D4378089-A3B4-4F64-980B-BF69015E30B8}.Release|x64.ActiveCfg = Release|x64
		{D4378089-A3B4-4F64-980B-BF69015E30B8}.Release|x64.Build.0 = Release|x64
		{D4378089-A3B4-4F64-980B-BF69015E30B8}.Release|x86.ActiveCfg = Release|Win32
		{D4378089-A3B4-4F64-980B-BF69015E30B8}.Release|x86.Build.0 = Release|Win32
		{2FB89344-8B06-4273-86E5-FE89171D189F}.Debug|Any CPU.ActiveCfg = Debug|Win32
		{2FB89344-8B06-4273-86E5-FE89171D189F}.Debug|Any CPU.Build.0 = Debug|Win32
		{2FB89344-8B06-4273-86E5-FE89171D189F}.Debug|x64.ActiveCfg = Debug|x64
		{2FB89344-8B06-4273-86E5-FE89171D189F}.Debug|x64.Build.0 = Debug|x64
		{2FB89344-8B06-4273-86E5-FE89171D189F}.Debug|x86.ActiveCfg = Debug|Win32
		{2FB89344-8B06-4273-86E5-FE89171D189F}.Debug|x86.Build.0 = Debug|Win32
		{2FB89344-8B06-4273-86E5-FE89171D189F}.DebugPreset|Any CPU.ActiveCfg = DebugPreset|Win32
		{2FB89344-8B06-4273-86E5-FE89171D189F}.DebugPreset|Any CPU.Build.0 = DebugPreset|Win32
		{2FB89344-8B06-4273-86E5-FE89171D189F}.DebugPreset|x64.ActiveCfg = DebugPreset|x64
		{2FB89344-8B06-4273-86E5-FE89171D189F}.DebugPreset|x64.Build.0 = DebugPreset|x64
		{2FB89344-8B06-4273-86E5-FE89171D189F}.DebugPreset|x86.ActiveCfg = DebugPreset|Win32
		{2FB89344-8B06-4273-86E5-FE89171D189F}.DebugPreset|x86.Build.0 = DebugPreset|Win32
		{2FB89344-8B06-4273-86E5-FE89171D189F}.Release|Any CPU.ActiveCfg = Release|Win32
		{2FB89344-8B06-4273-86E5-FE89171D189F}.Release|Any CPU.Build.0 = Release|Win32
		{2FB89344-8B06-4273-86E5-FE89171D189F}.Release|x64.ActiveCfg = Release|x64
		{2FB89344-8B06-4273-86E5-FE89171D189F}.Release|x64.Build.0 = Release|x64
		{2FB89344-8B06-4273-86E5-FE89171D189F}.Release|x86.ActiveCfg = Release|Win32
		{2FB89344-8B06-4273-86E5-FE89171D189F}.Release|x86.Build.0 = Release|Win32
		{FD59AE4F-2473-454F-80B5-DE23D2E1F34C}.Debug|Any CPU.ActiveCfg = Debug|Any CPU
		{FD59AE4F-2473-454F-80B5-DE23D2E1F34C}.Debug|Any CPU.Build.0 = Debug|Any CPU
		{FD59AE4F-2473-454F-80B5-DE23D2E1F34C}.Debug|x64.ActiveCfg = Debug|Any CPU
		{FD59AE4F-2473-454F-80B5-DE23D2E1F34C}.Debug|x64.Build.0 = Debug|Any CPU
		{FD59AE4F-2473-454F-80B5-DE23D2E1F34C}.Debug|x86.ActiveCfg = Debug|Any CPU
		{FD59AE4F-2473-454F-80B5-DE23D2E1F34C}.Debug|x86.Build.0 = Debug|Any CPU
		{FD59AE4F-2473-454F-80B5-DE23D2E1F34C}.DebugPreset|Any CPU.ActiveCfg = DebugPreset|Any CPU
		{FD59AE4F-2473-454F-80B5-DE23D2E1F34C}.DebugPreset|Any CPU.Build.0 = DebugPreset|Any CPU
		{FD59AE4F-2473-454F-80B5-DE23D2E1F34C}.DebugPreset|x64.ActiveCfg = DebugPreset|Any CPU
		{FD59AE4F-2473-454F-80B5-DE23D2E1F34C}.DebugPreset|x64.Build.0 = DebugPreset|Any CPU
		{FD59AE4F-2473-454F-80B5-DE23D2E1F34C}.DebugPreset|x86.ActiveCfg = DebugPreset|Any CPU
		{FD59AE4F-2473-454F-80B5-DE23D2E1F34C}.DebugPreset|x86.Build.0 = DebugPreset|Any CPU
		{FD59AE4F-2473-454F-80B5-DE23D2E1F34C}.Release|Any CPU.ActiveCfg = Release|Any CPU
		{FD59AE4F-2473-454F-80B5-DE23D2E1F34C}.Release|Any CPU.Build.0 = Release|Any CPU
		{FD59AE4F-2473-454F-80B5-DE23D2E1F34C}.Release|x64.ActiveCfg = Release|Any CPU
		{FD59AE4F-2473-454F-80B5-DE23D2E1F34C}.Release|x64.Build.0 = Release|Any CPU
		{FD59AE4F-2473-454F-80B5-DE23D2E1F34C}.Release|x86.ActiveCfg = Release|Any CPU
		{FD59AE4F-2473-454F-80B5-DE23D2E1F34C}.Release|x86.Build.0 = Release|Any CPU
		{B71E967B-E4A8-457A-BD38-6CC771F3D9B9}.Debug|Any CPU.ActiveCfg = Debug|Win32
		{B71E967B-E4A8-457A-BD38-6CC771F3D9B9}.Debug|Any CPU.Build.0 = Debug|Win32
		{B71E967B-E4A8-457A-BD38-6CC771F3D9B9}.Debug|x64.ActiveCfg = Debug|x64
		{B71E967B-E4A8-457A-BD38-6CC771F3D9B9}.Debug|x64.Build.0 = Debug|x64
		{B71E967B-E4A8-457A-BD38-6CC771F3D9B9}.Debug|x86.ActiveCfg = Debug|Win32
		{B71E967B-E4A8-457A-BD38-6CC771F3D9B9}.Debug|x86.Build.0 = Debug|Win32
		{B71E967B-E4A8-457A-BD38-6CC771F3D9B9}.DebugPreset|Any CPU.ActiveCfg = DebugPreset|Win32
		{B71E967B-E4A8-457A-BD38-6CC771F3D9B9}.DebugPreset|Any CPU.Build.0 = DebugPreset|Win32
		{B71E967B-E4A8-457A-BD38-6CC771F3D9B9}.DebugPreset|x64.ActiveCfg = DebugPreset|x64
		{B71E967B-E4A8-457A-BD38-6CC771F3D9B9}.DebugPreset|x64.Build.0 = DebugPreset|x64
		{B71E967B-E4A8-457A-BD38-6CC771F3D9B9}.DebugPreset|x86.ActiveCfg = DebugPreset|Win32
		{B71E967B-E4A8-457A-BD38-6CC771F3D9B9}.DebugPreset|x86.Build.0 = DebugPreset|Win32
		{B71E967B-E4A8-457A-BD38-6CC771F3D9B9}.Release|Any CPU.ActiveCfg = Release|Win32
		{B71E967B-E4A8-457A-BD38-6CC771F3D9B9}.Release|Any CPU.Build.0 = Release|Win32
		{B71E967B-E4A8-457A-BD38-6CC771F3D9B9}.Release|x64.ActiveCfg = Release|x64
		{B71E967B-E4A8-457A-BD38-6CC771F3D9B9}.Release|x64.Build.0 = Release|x64
		{B71E967B-E4A8-457A-BD38-6CC771F3D9B9}.Release|x86.ActiveCfg = Release|Win32
		{B71E967B-E4A8-457A-BD38-6CC771F3D9B9}.Release|x86.Build.0 = Release|Win32
	EndGlobalSection
	GlobalSection(SolutionProperties) = preSolution
		HideSolutionNode = FALSE
	EndGlobalSection
	GlobalSection(ExtensibilityGlobals) = postSolution
		SolutionGuid = {E803DC69-8BBE-4B7E-A952-D0AFB167EC4D}
	EndGlobalSection
EndGlobal
