<?xml version="1.0" encoding="utf-8"?>
<Project ToolsVersion="4.0" xmlns="http://schemas.microsoft.com/developer/msbuild/2003">
  <ItemGroup>
    <Filter Include="ソース ファイル">
      <UniqueIdentifier>{4FC737F1-C7A5-4376-A066-2A32D752A2FF}</UniqueIdentifier>
      <Extensions>cpp;c;cc;cxx;def;odl;idl;hpj;bat;asm;asmx</Extensions>
    </Filter>
    <Filter Include="ヘッダー ファイル">
      <UniqueIdentifier>{93995380-89BD-4b04-88EB-625FBE52EBFB}</UniqueIdentifier>
      <Extensions>h;hh;hpp;hxx;hm;inl;inc;xsd</Extensions>
    </Filter>
    <Filter Include="リソース ファイル">
      <UniqueIdentifier>{67DA6AB6-F800-4c08-8B7A-83BB121AAD01}</UniqueIdentifier>
      <Extensions>rc;ico;cur;bmp;dlg;rc2;rct;bin;rgs;gif;jpg;jpeg;jpe;resx;tiff;tif;png;wav;mfcribbon-ms</Extensions>
    </Filter>
  </ItemGroup>
  <ItemGroup>
    <ClInclude Include="stdafx.h">
      <Filter>ヘッダー ファイル</Filter>
    </ClInclude>
    <ClInclude Include="targetver.h">
      <Filter>ヘッダー ファイル</Filter>
    </ClInclude>
    <ClInclude Include="apibreak.h">
      <Filter>ヘッダー ファイル</Filter>
    </ClInclude>
    <ClInclude Include="apilist.h">
      <Filter>ヘッダー ファイル</Filter>
    </ClInclude>
    <ClInclude Include="apiprint.h">
      <Filter>ヘッダー ファイル</Filter>
    </ClInclude>
    <ClInclude Include="mrdb.h">
      <Filter>ヘッダー ファイル</Filter>
    </ClInclude>
    <ClInclude Include="mrdbconf.h">
      <Filter>ヘッダー ファイル</Filter>
    </ClInclude>
    <ClInclude Include="mrdberror.h">
      <Filter>ヘッダー ファイル</Filter>
    </ClInclude>
  </ItemGroup>
  <ItemGroup>
    <ClCompile Include="apibreak.c">
      <Filter>ソース ファイル</Filter>
    </ClCompile>
    <ClCompile Include="apilist.c">
      <Filter>ソース ファイル</Filter>
    </ClCompile>
    <ClCompile Include="apiprint.c">
      <Filter>ソース ファイル</Filter>
    </ClCompile>
    <ClCompile Include="cmdbreak.c">
      <Filter>ソース ファイル</Filter>
    </ClCompile>
    <ClCompile Include="cmdmisc.c">
      <Filter>ソース ファイル</Filter>
    </ClCompile>
    <ClCompile Include="cmdprint.c">
      <Filter>ソース ファイル</Filter>
    </ClCompile>
    <ClCompile Include="cmdrun.c">
      <Filter>ソース ファイル</Filter>
    </ClCompile>
    <ClCompile Include="dllmain.c">
      <Filter>ソース ファイル</Filter>
    </ClCompile>
    <ClCompile Include="mrbc.c">
      <Filter>ソース ファイル</Filter>
    </ClCompile>
    <ClCompile Include="mrdb.c">
      <Filter>ソース ファイル</Filter>
    </ClCompile>
    <ClCompile Include="mruby.c">
      <Filter>ソース ファイル</Filter>
    </ClCompile>
    <ClCompile Include="stdafx.c">
      <Filter>ソース ファイル</Filter>
    </ClCompile>
    <ClCompile Include="objdump.c">
      <Filter>ソース ファイル</Filter>
    </ClCompile>
    <ClCompile Include="preset_symbols.c">
      <Filter>ソース ファイル</Filter>
    </ClCompile>
  </ItemGroup>
</Project>